
Microsoft Visual Studio Solution File, Format Version 12.00
# Visual Studio Version 16
VisualStudioVersion = 16.0.29609.76
MinimumVisualStudioVersion = 10.0.40219.1
Project("{FAE04EC0-301F-11D3-BF4B-00C04F79EFBC}") = "lab18", "lab18.csproj", "{1D2A03A4-E141-4C97-B93F-1EAB290F24AB}"
EndProject
Global
	GlobalSection(SolutionConfigurationPlatforms) = preSolution
		Debug|Any CPU = Debug|Any CPU
		Release|Any CPU = Release|Any CPU
	EndGlobalSection
	GlobalSection(ProjectConfigurationPlatforms) = postSolution
		{1D2A03A4-E141-4C97-B93F-1EAB290F24AB}.Debug|Any CPU.ActiveCfg = Debug|Any CPU
		{1D2A03A4-E141-4C97-B93F-1EAB290F24AB}.Debug|Any CPU.Build.0 = Debug|Any CPU
		{1D2A03A4-E141-4C97-B93F-1EAB290F24AB}.Release|Any CPU.ActiveCfg = Release|Any CPU
		{1D2A03A4-E141-4C97-B93F-1EAB290F24AB}.Release|Any CPU.Build.0 = Release|Any CPU
	EndGlobalSection
	GlobalSection(SolutionProperties) = preSolution
		HideSolutionNode = FALSE
	EndGlobalSection
	GlobalSection(ExtensibilityGlobals) = postSolution
		SolutionGuid = {8350094A-7279-41EC-9DD6-6CFCAB8F5107}
	EndGlobalSection
EndGlobal
